
Microsoft Visual Studio Solution File, Format Version 12.00
# Visual Studio Version 17
VisualStudioVersion = 17.7.34018.315
MinimumVisualStudioVersion = 10.0.40219.1
Project("{FAE04EC0-301F-11D3-BF4B-00C04F79EFBC}") = "MyWin01", "MyWin01\MyWin01.csproj", "{F29AC778-6699-44FE-9599-E12AC81281F1}"
EndProject
Global
	GlobalSection(SolutionConfigurationPlatforms) = preSolution
		Debug|Any CPU = Debug|Any CPU
		Release|Any CPU = Release|Any CPU
	EndGlobalSection
	GlobalSection(ProjectConfigurationPlatforms) = postSolution
		{F29AC778-6699-44FE-9599-E12AC81281F1}.Debug|Any CPU.ActiveCfg = Debug|Any CPU
		{F29AC778-6699-44FE-9599-E12AC81281F1}.Debug|Any CPU.Build.0 = Debug|Any CPU
		{F29AC778-6699-44FE-9599-E12AC81281F1}.Release|Any CPU.ActiveCfg = Release|Any CPU
		{F29AC778-6699-44FE-9599-E12AC81281F1}.Release|Any CPU.Build.0 = Release|Any CPU
	EndGlobalSection
	GlobalSection(SolutionProperties) = preSolution
		HideSolutionNode = FALSE
	EndGlobalSection
	GlobalSection(ExtensibilityGlobals) = postSolution
		SolutionGuid = {B348E4E7-5B0F-4654-9563-3E2F885A1C4D}
	EndGlobalSection
EndGlobal
