
Microsoft Visual Studio Solution File, Format Version 12.00
# Visual Studio Version 17
VisualStudioVersion = 17.7.34018.315
MinimumVisualStudioVersion = 10.0.40219.1
Project("{FAE04EC0-301F-11D3-BF4B-00C04F79EFBC}") = "MyWin02", "MyWin02\MyWin02.csproj", "{4AA17281-ADB5-4290-8F68-062E0C49C779}"
EndProject
Global
	GlobalSection(SolutionConfigurationPlatforms) = preSolution
		Debug|Any CPU = Debug|Any CPU
		Release|Any CPU = Release|Any CPU
	EndGlobalSection
	GlobalSection(ProjectConfigurationPlatforms) = postSolution
		{4AA17281-ADB5-4290-8F68-062E0C49C779}.Debug|Any CPU.ActiveCfg = Debug|Any CPU
		{4AA17281-ADB5-4290-8F68-062E0C49C779}.Debug|Any CPU.Build.0 = Debug|Any CPU
		{4AA17281-ADB5-4290-8F68-062E0C49C779}.Release|Any CPU.ActiveCfg = Release|Any CPU
		{4AA17281-ADB5-4290-8F68-062E0C49C779}.Release|Any CPU.Build.0 = Release|Any CPU
	EndGlobalSection
	GlobalSection(SolutionProperties) = preSolution
		HideSolutionNode = FALSE
	EndGlobalSection
	GlobalSection(ExtensibilityGlobals) = postSolution
		SolutionGuid = {A79C2F4B-1029-46BC-99C0-9BDB20965709}
	EndGlobalSection
EndGlobal
